
Microsoft Visual Studio Solution File, Format Version 12.00
# Visual Studio Version 16
VisualStudioVersion = 16.0.32428.217
MinimumVisualStudioVersion = 10.0.40219.1
Project("{9A19103F-16F7-4668-BE54-9A1E7A4F7556}") = "MyRestApi", "MyRestApi\MyRestApi.csproj", "{5C421CBD-B74E-4824-B67B-0F4CA8A0E4FB}"
EndProject
Global
	GlobalSection(SolutionConfigurationPlatforms) = preSolution
		Debug|Any CPU = Debug|Any CPU
		Release|Any CPU = Release|Any CPU
	EndGlobalSection
	GlobalSection(ProjectConfigurationPlatforms) = postSolution
		{5C421CBD-B74E-4824-B67B-0F4CA8A0E4FB}.Debug|Any CPU.ActiveCfg = Debug|Any CPU
		{5C421CBD-B74E-4824-B67B-0F4CA8A0E4FB}.Debug|Any CPU.Build.0 = Debug|Any CPU
		{5C421CBD-B74E-4824-B67B-0F4CA8A0E4FB}.Release|Any CPU.ActiveCfg = Release|Any CPU
		{5C421CBD-B74E-4824-B67B-0F4CA8A0E4FB}.Release|Any CPU.Build.0 = Release|Any CPU
	EndGlobalSection
	GlobalSection(SolutionProperties) = preSolution
		HideSolutionNode = FALSE
	EndGlobalSection
	GlobalSection(ExtensibilityGlobals) = postSolution
		SolutionGuid = {523004E9-C43B-48A9-9D1A-DF1D6F347A4C}
	EndGlobalSection
EndGlobal
